
Microsoft Visual Studio Solution File, Format Version 12.00
# Visual Studio Version 17
VisualStudioVersion = 17.8.34309.116
MinimumVisualStudioVersion = 10.0.40219.1
Project("{FAE04EC0-301F-11D3-BF4B-00C04F79EFBC}") = "RF60X_Params", "RF60X_Params.csproj", "{2A7FA60F-89ED-4B7D-8299-F1478F8872E0}"
EndProject
Global
	GlobalSection(SolutionConfigurationPlatforms) = preSolution
		Debug|Any CPU = Debug|Any CPU
		Debug|x64 = Debug|x64
		Release|Any CPU = Release|Any CPU
		Release|x64 = Release|x64
	EndGlobalSection
	GlobalSection(ProjectConfigurationPlatforms) = postSolution
		{2A7FA60F-89ED-4B7D-8299-F1478F8872E0}.Debug|Any CPU.ActiveCfg = Debug|Any CPU
		{2A7FA60F-89ED-4B7D-8299-F1478F8872E0}.Debug|Any CPU.Build.0 = Debug|Any CPU
		{2A7FA60F-89ED-4B7D-8299-F1478F8872E0}.Debug|x64.ActiveCfg = Debug|x64
		{2A7FA60F-89ED-4B7D-8299-F1478F8872E0}.Debug|x64.Build.0 = Debug|x64
		{2A7FA60F-89ED-4B7D-8299-F1478F8872E0}.Release|Any CPU.ActiveCfg = Release|Any CPU
		{2A7FA60F-89ED-4B7D-8299-F1478F8872E0}.Release|Any CPU.Build.0 = Release|Any CPU
		{2A7FA60F-89ED-4B7D-8299-F1478F8872E0}.Release|x64.ActiveCfg = Release|x64
		{2A7FA60F-89ED-4B7D-8299-F1478F8872E0}.Release|x64.Build.0 = Release|x64
	EndGlobalSection
	GlobalSection(SolutionProperties) = preSolution
		HideSolutionNode = FALSE
	EndGlobalSection
	GlobalSection(ExtensibilityGlobals) = postSolution
		SolutionGuid = {992934C4-D26C-453F-B6A2-F230A26AFED7}
	EndGlobalSection
EndGlobal
